
Microsoft Visual Studio Solution File, Format Version 12.00
# Visual Studio 15
VisualStudioVersion = 15.0.26124.0
MinimumVisualStudioVersion = 15.0.26124.0
Project("{FAE04EC0-301F-11D3-BF4B-00C04F79EFBC}") = "cosmos-toolbox", "cosmos-toolbox\cosmos-toolbox.csproj", "{2B6B645F-F4B5-4506-B5FB-308292D5CFA4}"
EndProject
Project("{FAE04EC0-301F-11D3-BF4B-00C04F79EFBC}") = "cosmos-toolbox-core", "cosmos-toolbox-core\cosmos-toolbox-core.csproj", "{444383EC-0226-4478-A0A4-F8B6D62AE7A0}"
EndProject
Project("{FAE04EC0-301F-11D3-BF4B-00C04F79EFBC}") = "cosmos-toolbox-app", "cosmos-toolbox-app\cosmos-toolbox-app.csproj", "{C64FFEA7-2540-43E3-B437-C758B740842D}"
EndProject
Project("{FAE04EC0-301F-11D3-BF4B-00C04F79EFBC}") = "cosmos-toolbox-tests", "..\tests\cosmos-toolbox-tests\cosmos-toolbox-tests.csproj", "{BE2382D8-B67D-4209-8806-84C3DDAB3BDC}"
EndProject
Global
	GlobalSection(SolutionConfigurationPlatforms) = preSolution
		Debug|Any CPU = Debug|Any CPU
		Debug|x64 = Debug|x64
		Debug|x86 = Debug|x86
		Release|Any CPU = Release|Any CPU
		Release|x64 = Release|x64
		Release|x86 = Release|x86
	EndGlobalSection
	GlobalSection(SolutionProperties) = preSolution
		HideSolutionNode = FALSE
	EndGlobalSection
	GlobalSection(ProjectConfigurationPlatforms) = postSolution
		{2B6B645F-F4B5-4506-B5FB-308292D5CFA4}.Debug|Any CPU.ActiveCfg = Debug|Any CPU
		{2B6B645F-F4B5-4506-B5FB-308292D5CFA4}.Debug|Any CPU.Build.0 = Debug|Any CPU
		{2B6B645F-F4B5-4506-B5FB-308292D5CFA4}.Debug|x64.ActiveCfg = Debug|Any CPU
		{2B6B645F-F4B5-4506-B5FB-308292D5CFA4}.Debug|x64.Build.0 = Debug|Any CPU
		{2B6B645F-F4B5-4506-B5FB-308292D5CFA4}.Debug|x86.ActiveCfg = Debug|Any CPU
		{2B6B645F-F4B5-4506-B5FB-308292D5CFA4}.Debug|x86.Build.0 = Debug|Any CPU
		{2B6B645F-F4B5-4506-B5FB-308292D5CFA4}.Release|Any CPU.ActiveCfg = Release|Any CPU
		{2B6B645F-F4B5-4506-B5FB-308292D5CFA4}.Release|Any CPU.Build.0 = Release|Any CPU
		{2B6B645F-F4B5-4506-B5FB-308292D5CFA4}.Release|x64.ActiveCfg = Release|Any CPU
		{2B6B645F-F4B5-4506-B5FB-308292D5CFA4}.Release|x64.Build.0 = Release|Any CPU
		{2B6B645F-F4B5-4506-B5FB-308292D5CFA4}.Release|x86.ActiveCfg = Release|Any CPU
		{2B6B645F-F4B5-4506-B5FB-308292D5CFA4}.Release|x86.Build.0 = Release|Any CPU
		{444383EC-0226-4478-A0A4-F8B6D62AE7A0}.Debug|Any CPU.ActiveCfg = Debug|Any CPU
		{444383EC-0226-4478-A0A4-F8B6D62AE7A0}.Debug|Any CPU.Build.0 = Debug|Any CPU
		{444383EC-0226-4478-A0A4-F8B6D62AE7A0}.Debug|x64.ActiveCfg = Debug|Any CPU
		{444383EC-0226-4478-A0A4-F8B6D62AE7A0}.Debug|x64.Build.0 = Debug|Any CPU
		{444383EC-0226-4478-A0A4-F8B6D62AE7A0}.Debug|x86.ActiveCfg = Debug|Any CPU
		{444383EC-0226-4478-A0A4-F8B6D62AE7A0}.Debug|x86.Build.0 = Debug|Any CPU
		{444383EC-0226-4478-A0A4-F8B6D62AE7A0}.Release|Any CPU.ActiveCfg = Release|Any CPU
		{444383EC-0226-4478-A0A4-F8B6D62AE7A0}.Release|Any CPU.Build.0 = Release|Any CPU
		{444383EC-0226-4478-A0A4-F8B6D62AE7A0}.Release|x64.ActiveCfg = Release|Any CPU
		{444383EC-0226-4478-A0A4-F8B6D62AE7A0}.Release|x64.Build.0 = Release|Any CPU
		{444383EC-0226-4478-A0A4-F8B6D62AE7A0}.Release|x86.ActiveCfg = Release|Any CPU
		{444383EC-0226-4478-A0A4-F8B6D62AE7A0}.Release|x86.Build.0 = Release|Any CPU
		{C64FFEA7-2540-43E3-B437-C758B740842D}.Debug|Any CPU.ActiveCfg = Debug|Any CPU
		{C64FFEA7-2540-43E3-B437-C758B740842D}.Debug|Any CPU.Build.0 = Debug|Any CPU
		{C64FFEA7-2540-43E3-B437-C758B740842D}.Debug|x64.ActiveCfg = Debug|Any CPU
		{C64FFEA7-2540-43E3-B437-C758B740842D}.Debug|x64.Build.0 = Debug|Any CPU
		{C64FFEA7-2540-43E3-B437-C758B740842D}.Debug|x86.ActiveCfg = Debug|Any CPU
		{C64FFEA7-2540-43E3-B437-C758B740842D}.Debug|x86.Build.0 = Debug|Any CPU
		{C64FFEA7-2540-43E3-B437-C758B740842D}.Release|Any CPU.ActiveCfg = Release|Any CPU
		{C64FFEA7-2540-43E3-B437-C758B740842D}.Release|Any CPU.Build.0 = Release|Any CPU
		{C64FFEA7-2540-43E3-B437-C758B740842D}.Release|x64.ActiveCfg = Release|Any CPU
		{C64FFEA7-2540-43E3-B437-C758B740842D}.Release|x64.Build.0 = Release|Any CPU
		{C64FFEA7-2540-43E3-B437-C758B740842D}.Release|x86.ActiveCfg = Release|Any CPU
		{C64FFEA7-2540-43E3-B437-C758B740842D}.Release|x86.Build.0 = Release|Any CPU
		{BE2382D8-B67D-4209-8806-84C3DDAB3BDC}.Debug|Any CPU.ActiveCfg = Debug|Any CPU
		{BE2382D8-B67D-4209-8806-84C3DDAB3BDC}.Debug|Any CPU.Build.0 = Debug|Any CPU
		{BE2382D8-B67D-4209-8806-84C3DDAB3BDC}.Debug|x64.ActiveCfg = Debug|Any CPU
		{BE2382D8-B67D-4209-8806-84C3DDAB3BDC}.Debug|x64.Build.0 = Debug|Any CPU
		{BE2382D8-B67D-4209-8806-84C3DDAB3BDC}.Debug|x86.ActiveCfg = Debug|Any CPU
		{BE2382D8-B67D-4209-8806-84C3DDAB3BDC}.Debug|x86.Build.0 = Debug|Any CPU
		{BE2382D8-B67D-4209-8806-84C3DDAB3BDC}.Release|Any CPU.ActiveCfg = Release|Any CPU
		{BE2382D8-B67D-4209-8806-84C3DDAB3BDC}.Release|Any CPU.Build.0 = Release|Any CPU
		{BE2382D8-B67D-4209-8806-84C3DDAB3BDC}.Release|x64.ActiveCfg = Release|Any CPU
		{BE2382D8-B67D-4209-8806-84C3DDAB3BDC}.Release|x64.Build.0 = Release|Any CPU
		{BE2382D8-B67D-4209-8806-84C3DDAB3BDC}.Release|x86.ActiveCfg = Release|Any CPU
		{BE2382D8-B67D-4209-8806-84C3DDAB3BDC}.Release|x86.Build.0 = Release|Any CPU
	EndGlobalSection
EndGlobal
